// !$*UTF8*$!
{
	archiveVersion = 1;
	classes = {
	};
	objectVersion = 55;
	objects = {

/* Begin PBXBuildFile section */
		3EA2A1476F54A296C6AA9DB1 /* Pods_ios_dca_calculator.framework in Frameworks */ = {isa = PBXBuildFile; fileRef = 78042F34D8B054B9DA8913F8 /* Pods_ios_dca_calculator.framework */; };
		4676C2CB2830F007005D84C5 /* AppDelegate.swift in Sources */ = {isa = PBXBuildFile; fileRef = 4676C2CA2830F007005D84C5 /* AppDelegate.swift */; };
		4676C2CD2830F007005D84C5 /* SceneDelegate.swift in Sources */ = {isa = PBXBuildFile; fileRef = 4676C2CC2830F007005D84C5 /* SceneDelegate.swift */; };
		4676C2CF2830F007005D84C5 /* ViewController.swift in Sources */ = {isa = PBXBuildFile; fileRef = 4676C2CE2830F007005D84C5 /* ViewController.swift */; };
		4676C2D22830F007005D84C5 /* Main.storyboard in Resources */ = {isa = PBXBuildFile; fileRef = 4676C2D02830F007005D84C5 /* Main.storyboard */; };
		4676C2D42830F008005D84C5 /* Assets.xcassets in Resources */ = {isa = PBXBuildFile; fileRef = 4676C2D32830F008005D84C5 /* Assets.xcassets */; };
		4676C2D72830F008005D84C5 /* LaunchScreen.storyboard in Resources */ = {isa = PBXBuildFile; fileRef = 4676C2D52830F008005D84C5 /* LaunchScreen.storyboard */; };
		4676C2DF2830F26C005D84C5 /* Podfile in Resources */ = {isa = PBXBuildFile; fileRef = 4676C2DE2830F26C005D84C5 /* Podfile */; };
/* End PBXBuildFile section */

/* Begin PBXFileReference section */
		1C58A536B562E43A5CD6CFF1 /* Pods-ios-dca-calculator.release.xcconfig */ = {isa = PBXFileReference; includeInIndex = 1; lastKnownFileType = text.xcconfig; name = "Pods-ios-dca-calculator.release.xcconfig"; path = "Target Support Files/Pods-ios-dca-calculator/Pods-ios-dca-calculator.release.xcconfig"; sourceTree = "<group>"; };
		4676C2C72830F007005D84C5 /* ios-dca-calculator.app */ = {isa = PBXFileReference; explicitFileType = wrapper.application; includeInIndex = 0; path = "ios-dca-calculator.app"; sourceTree = BUILT_PRODUCTS_DIR; };
		4676C2CA2830F007005D84C5 /* AppDelegate.swift */ = {isa = PBXFileReference; lastKnownFileType = sourcecode.swift; path = AppDelegate.swift; sourceTree = "<group>"; };
		4676C2CC2830F007005D84C5 /* SceneDelegate.swift */ = {isa = PBXFileReference; lastKnownFileType = sourcecode.swift; path = SceneDelegate.swift; sourceTree = "<group>"; };
		4676C2CE2830F007005D84C5 /* ViewController.swift */ = {isa = PBXFileReference; lastKnownFileType = sourcecode.swift; path = ViewController.swift; sourceTree = "<group>"; };
		4676C2D12830F007005D84C5 /* Base */ = {isa = PBXFileReference; lastKnownFileType = file.storyboard; name = Base; path = Base.lproj/Main.storyboard; sourceTree = "<group>"; };
		4676C2D32830F008005D84C5 /* Assets.xcassets */ = {isa = PBXFileReference; lastKnownFileType = folder.assetcatalog; path = Assets.xcassets; sourceTree = "<group>"; };
		4676C2D62830F008005D84C5 /* Base */ = {isa = PBXFileReference; lastKnownFileType = file.storyboard; name = Base; path = Base.lproj/LaunchScreen.storyboard; sourceTree = "<group>"; };
		4676C2D82830F008005D84C5 /* Info.plist */ = {isa = PBXFileReference; lastKnownFileType = text.plist.xml; path = Info.plist; sourceTree = "<group>"; };
		4676C2DE2830F26C005D84C5 /* Podfile */ = {isa = PBXFileReference; fileEncoding = 4; lastKnownFileType = text; path = Podfile; sourceTree = "<group>"; };
		78042F34D8B054B9DA8913F8 /* Pods_ios_dca_calculator.framework */ = {isa = PBXFileReference; explicitFileType = wrapper.framework; includeInIndex = 0; path = Pods_ios_dca_calculator.framework; sourceTree = BUILT_PRODUCTS_DIR; };
		CA7F32A182BFF522BFBA5EE4 /* Pods-ios-dca-calculator.debug.xcconfig */ = {isa = PBXFileReference; includeInIndex = 1; lastKnownFileType = text.xcconfig; name = "Pods-ios-dca-calculator.debug.xcconfig"; path = "Target Support Files/Pods-ios-dca-calculator/Pods-ios-dca-calculator.debug.xcconfig"; sourceTree = "<group>"; };
/* End PBXFileReference section */

/* Begin PBXFrameworksBuildPhase section */
		4676C2C42830F007005D84C5 /* Frameworks */ = {
			isa = PBXFrameworksBuildPhase;
			buildActionMask = 2147483647;
			files = (
				3EA2A1476F54A296C6AA9DB1 /* Pods_ios_dca_calculator.framework in Frameworks */,
			);
			runOnlyForDeploymentPostprocessing = 0;
		};
/* End PBXFrameworksBuildPhase section */

/* Begin PBXGroup section */
		4676C2BE2830F007005D84C5 = {
			isa = PBXGroup;
			children = (
				4676C2DE2830F26C005D84C5 /* Podfile */,
				4676C2C92830F007005D84C5 /* ios-dca-calculator */,
				4676C2C82830F007005D84C5 /* Products */,
				E7B30019E07E7BEFCBE38C09 /* Pods */,
				83EC0D505CD54C0688FE83B1 /* Frameworks */,
			);
			sourceTree = "<group>";
		};
		4676C2C82830F007005D84C5 /* Products */ = {
			isa = PBXGroup;
			children = (
				4676C2C72830F007005D84C5 /* ios-dca-calculator.app */,
			);
			name = Products;
			sourceTree = "<group>";
		};
		4676C2C92830F007005D84C5 /* ios-dca-calculator */ = {
			isa = PBXGroup;
			children = (
				4676C2CA2830F007005D84C5 /* AppDelegate.swift */,
				4676C2CC2830F007005D84C5 /* SceneDelegate.swift */,
				4676C2CE2830F007005D84C5 /* ViewController.swift */,
				4676C2D02830F007005D84C5 /* Main.storyboard */,
				4676C2D32830F008005D84C5 /* Assets.xcassets */,
				4676C2D52830F008005D84C5 /* LaunchScreen.storyboard */,
				4676C2D82830F008005D84C5 /* Info.plist */,
			);
			path = "ios-dca-calculator";
			sourceTree = "<group>";
		};
		83EC0D505CD54C0688FE83B1 /* Frameworks */ = {
			isa = PBXGroup;
			children = (
				78042F34D8B054B9DA8913F8 /* Pods_ios_dca_calculator.framework */,
			);
			name = Frameworks;
			sourceTree = "<group>";
		};
		E7B30019E07E7BEFCBE38C09 /* Pods */ = {
			isa = PBXGroup;
			children = (
				CA7F32A182BFF522BFBA5EE4 /* Pods-ios-dca-calculator.debug.xcconfig */,
				1C58A536B562E43A5CD6CFF1 /* Pods-ios-dca-calculator.release.xcconfig */,
			);
			name = Pods;
			path = Pods;
			sourceTree = "<group>";
		};
/* End PBXGroup section */

/* Begin PBXNativeTarget section */
		4676C2C62830F007005D84C5 /* ios-dca-calculator */ = {
			isa = PBXNativeTarget;
			buildConfigurationList = 4676C2DB2830F008005D84C5 /* Build configuration list for PBXNativeTarget "ios-dca-calculator" */;
			buildPhases = (
				23D37C008C6C4036E8AF3E8C /* [CP] Check Pods Manifest.lock */,
				4676C2C32830F007005D84C5 /* Sources */,
				4676C2C42830F007005D84C5 /* Frameworks */,
				4676C2C52830F007005D84C5 /* Resources */,
				F24B11EAB7683D514A3FCA35 /* [CP] Embed Pods Frameworks */,
			);
			buildRules = (
			);
			dependencies = (
			);
			name = "ios-dca-calculator";
			productName = "ios-dca-calculator";
			productReference = 4676C2C72830F007005D84C5 /* ios-dca-calculator.app */;
			productType = "com.apple.product-type.application";
		};
/* End PBXNativeTarget section */

/* Begin PBXProject section */
		4676C2BF2830F007005D84C5 /* Project object */ = {
			isa = PBXProject;
			attributes = {
				BuildIndependentTargetsInParallel = 1;
				LastSwiftUpdateCheck = 1330;
				LastUpgradeCheck = 1330;
				TargetAttributes = {
					4676C2C62830F007005D84C5 = {
						CreatedOnToolsVersion = 13.3.1;
					};
				};
			};
			buildConfigurationList = 4676C2C22830F007005D84C5 /* Build configuration list for PBXProject "ios-dca-calculator" */;
			compatibilityVersion = "Xcode 13.0";
			developmentRegion = en;
			hasScannedForEncodings = 0;
			knownRegions = (
				en,
				Base,
			);
			mainGroup = 4676C2BE2830F007005D84C5;
			productRefGroup = 4676C2C82830F007005D84C5 /* Products */;
			projectDirPath = "";
			projectRoot = "";
			targets = (
				4676C2C62830F007005D84C5 /* ios-dca-calculator */,
			);
		};
/* End PBXProject section */

/* Begin PBXResourcesBuildPhase section */
		4676C2C52830F007005D84C5 /* Resources */ = {
			isa = PBXResourcesBuildPhase;
			buildActionMask = 2147483647;
			files = (
				4676C2D72830F008005D84C5 /* LaunchScreen.storyboard in Resources */,
				4676C2D42830F008005D84C5 /* Assets.xcassets in Resources */,
				4676C2DF2830F26C005D84C5 /* Podfile in Resources */,
				4676C2D22830F007005D84C5 /* Main.storyboard in Resources */,
			);
			runOnlyForDeploymentPostprocessing = 0;
		};
/* End PBXResourcesBuildPhase section */

/* Begin PBXShellScriptBuildPhase section */
		23D37C008C6C4036E8AF3E8C /* [CP] Check Pods Manifest.lock */ = {
			isa = PBXShellScriptBuildPhase;
			buildActionMask = 2147483647;
			files = (
			);
			inputFileListPaths = (
			);
			inputPaths = (
				"${PODS_PODFILE_DIR_PATH}/Podfile.lock",
				"${PODS_ROOT}/Manifest.lock",
			);
			name = "[CP] Check Pods Manifest.lock";
			outputFileListPaths = (
			);
			outputPaths = (
				"$(DERIVED_FILE_DIR)/Pods-ios-dca-calculator-checkManifestLockResult.txt",
			);
			runOnlyForDeploymentPostprocessing = 0;
			shellPath = /bin/sh;
			shellScript = "diff \"${PODS_PODFILE_DIR_PATH}/Podfile.lock\" \"${PODS_ROOT}/Manifest.lock\" > /dev/null\nif [ $? != 0 ] ; then\n    # print error to STDERR\n    echo \"error: The sandbox is not in sync with the Podfile.lock. Run 'pod install' or update your CocoaPods installation.\" >&2\n    exit 1\nfi\n# This output is used by Xcode 'outputs' to avoid re-running this script phase.\necho \"SUCCESS\" > \"${SCRIPT_OUTPUT_FILE_0}\"\n";
			showEnvVarsInLog = 0;
		};
		F24B11EAB7683D514A3FCA35 /* [CP] Embed Pods Frameworks */ = {
			isa = PBXShellScriptBuildPhase;
			buildActionMask = 2147483647;
			files = (
			);
			inputFileListPaths = (
				"${PODS_ROOT}/Target Support Files/Pods-ios-dca-calculator/Pods-ios-dca-calculator-frameworks-${CONFIGURATION}-input-files.xcfilelist",
			);
			name = "[CP] Embed Pods Frameworks";
			outputFileListPaths = (
				"${PODS_ROOT}/Target Support Files/Pods-ios-dca-calculator/Pods-ios-dca-calculator-frameworks-${CONFIGURATION}-output-files.xcfilelist",
			);
			runOnlyForDeploymentPostprocessing = 0;
			shellPath = /bin/sh;
			shellScript = "\"${PODS_ROOT}/Target Support Files/Pods-ios-dca-calculator/Pods-ios-dca-calculator-frameworks.sh\"\n";
			showEnvVarsInLog = 0;
		};
/* End PBXShellScriptBuildPhase section */

/* Begin PBXSourcesBuildPhase section */
		4676C2C32830F007005D84C5 /* Sources */ = {
			isa = PBXSourcesBuildPhase;
			buildActionMask = 2147483647;
			files = (
				4676C2CF2830F007005D84C5 /* ViewController.swift in Sources */,
				4676C2CB2830F007005D84C5 /* AppDelegate.swift in Sources */,
				4676C2CD2830F007005D84C5 /* SceneDelegate.swift in Sources */,
			);
			runOnlyForDeploymentPostprocessing = 0;
		};
/* End PBXSourcesBuildPhase section */

/* Begin PBXVariantGroup section */
		4676C2D02830F007005D84C5 /* Main.storyboard */ = {
			isa = PBXVariantGroup;
			children = (
				4676C2D12830F007005D84C5 /* Base */,
			);
			name = Main.storyboard;
			sourceTree = "<group>";
		};
		4676C2D52830F008005D84C5 /* LaunchScreen.storyboard */ = {
			isa = PBXVariantGroup;
			children = (
				4676C2D62830F008005D84C5 /* Base */,
			);
			name = LaunchScreen.storyboard;
			sourceTree = "<group>";
		};
/* End PBXVariantGroup section */

/* Begin XCBuildConfiguration section */
		4676C2D92830F008005D84C5 /* Debug */ = {
			isa = XCBuildConfiguration;
			buildSettings = {
				ALWAYS_SEARCH_USER_PATHS = NO;
				CLANG_ANALYZER_NONNULL = YES;
				CLANG_ANALYZER_NUMBER_OBJECT_CONVERSION = YES_AGGRESSIVE;
				CLANG_CXX_LANGUAGE_STANDARD = "gnu++17";
				CLANG_ENABLE_MODULES = YES;
				CLANG_ENABLE_OBJC_ARC = YES;
				CLANG_ENABLE_OBJC_WEAK = YES;
				CLANG_WARN_BLOCK_CAPTURE_AUTORELEASING = YES;
				CLANG_WARN_BOOL_CONVERSION = YES;
				CLANG_WARN_COMMA = YES;
				CLANG_WARN_CONSTANT_CONVERSION = YES;
				CLANG_WARN_DEPRECATED_OBJC_IMPLEMENTATIONS = YES;
				CLANG_WARN_DIRECT_OBJC_ISA_USAGE = YES_ERROR;
				CLANG_WARN_DOCUMENTATION_COMMENTS = YES;
				CLANG_WARN_EMPTY_BODY = YES;
				CLANG_WARN_ENUM_CONVERSION = YES;
				CLANG_WARN_INFINITE_RECURSION = YES;
				CLANG_WARN_INT_CONVERSION = YES;
				CLANG_WARN_NON_LITERAL_NULL_CONVERSION = YES;
				CLANG_WARN_OBJC_IMPLICIT_RETAIN_SELF = YES;
				CLANG_WARN_OBJC_LITERAL_CONVERSION = YES;
				CLANG_WARN_OBJC_ROOT_CLASS = YES_ERROR;
				CLANG_WARN_QUOTED_INCLUDE_IN_FRAMEWORK_HEADER = YES;
				CLANG_WARN_RANGE_LOOP_ANALYSIS = YES;
				CLANG_WARN_STRICT_PROTOTYPES = YES;
				CLANG_WARN_SUSPICIOUS_MOVE = YES;
				CLANG_WARN_UNGUARDED_AVAILABILITY = YES_AGGRESSIVE;
				CLANG_WARN_UNREACHABLE_CODE = YES;
				CLANG_WARN__DUPLICATE_METHOD_MATCH = YES;
				COPY_PHASE_STRIP = NO;
				DEBUG_INFORMATION_FORMAT = dwarf;
				ENABLE_STRICT_OBJC_MSGSEND = YES;
				ENABLE_TESTABILITY = YES;
				GCC_C_LANGUAGE_STANDARD = gnu11;
				GCC_DYNAMIC_NO_PIC = NO;
				GCC_NO_COMMON_BLOCKS = YES;
				GCC_OPTIMIZATION_LEVEL = 0;
				GCC_PREPROCESSOR_DEFINITIONS = (
					"DEBUG=1",
					"$(inherited)",
				);
				GCC_WARN_64_TO_32_BIT_CONVERSION = YES;
				GCC_WARN_ABOUT_RETURN_TYPE = YES_ERROR;
				GCC_WARN_UNDECLARED_SELECTOR = YES;
				GCC_WARN_UNINITIALIZED_AUTOS = YES_AGGRESSIVE;
				GCC_WARN_UNUSED_FUNCTION = YES;
				GCC_WARN_UNUSED_VARIABLE = YES;
				IPHONEOS_DEPLOYMENT_TARGET = 15.4;
				MTL_ENABLE_DEBUG_INFO = INCLUDE_SOURCE;
				MTL_FAST_MATH = YES;
				ONLY_ACTIVE_ARCH = YES;
				SDKROOT = iphoneos;
				SWIFT_ACTIVE_COMPILATION_CONDITIONS = DEBUG;
				SWIFT_OPTIMIZATION_LEVEL = "-Onone";
			};
			name = Debug;
		};
		4676C2DA2830F008005D84C5 /* Release */ = {
			isa = XCBuildConfiguration;
			buildSettings = {
				ALWAYS_SEARCH_USER_PATHS = NO;
				CLANG_ANALYZER_NONNULL = YES;
				CLANG_ANALYZER_NUMBER_OBJECT_CONVERSION = YES_AGGRESSIVE;
				CLANG_CXX_LANGUAGE_STANDARD = "gnu++17";
				CLANG_ENABLE_MODULES = YES;
				CLANG_ENABLE_OBJC_ARC = YES;
				CLANG_ENABLE_OBJC_WEAK = YES;
				CLANG_WARN_BLOCK_CAPTURE_AUTORELEASING = YES;
				CLANG_WARN_BOOL_CONVERSION = YES;
				CLANG_WARN_COMMA = YES;
				CLANG_WARN_CONSTANT_CONVERSION = YES;
				CLANG_WARN_DEPRECATED_OBJC_IMPLEMENTATIONS = YES;
				CLANG_WARN_DIRECT_OBJC_ISA_USAGE = YES_ERROR;
				CLANG_WARN_DOCUMENTATION_COMMENTS = YES;
				CLANG_WARN_EMPTY_BODY = YES;
				CLANG_WARN_ENUM_CONVERSION = YES;
				CLANG_WARN_INFINITE_RECURSION = YES;
				CLANG_WARN_INT_CONVERSION = YES;
				CLANG_WARN_NON_LITERAL_NULL_CONVERSION = YES;
				CLANG_WARN_OBJC_IMPLICIT_RETAIN_SELF = YES;
				CLANG_WARN_OBJC_LITERAL_CONVERSION = YES;
				CLANG_WARN_OBJC_ROOT_CLASS = YES_ERROR;
				CLANG_WARN_QUOTED_INCLUDE_IN_FRAMEWORK_HEADER = YES;
				CLANG_WARN_RANGE_LOOP_ANALYSIS = YES;
				CLANG_WARN_STRICT_PROTOTYPES = YES;
				CLANG_WARN_SUSPICIOUS_MOVE = YES;
				CLANG_WARN_UNGUARDED_AVAILABILITY = YES_AGGRESSIVE;
				CLANG_WARN_UNREACHABLE_CODE = YES;
				CLANG_WARN__DUPLICATE_METHOD_MATCH = YES;
				COPY_PHASE_STRIP = NO;
				DEBUG_INFORMATION_FORMAT = "dwarf-with-dsym";
				ENABLE_NS_ASSERTIONS = NO;
				ENABLE_STRICT_OBJC_MSGSEND = YES;
				GCC_C_LANGUAGE_STANDARD = gnu11;
				GCC_NO_COMMON_BLOCKS = YES;
				GCC_WARN_64_TO_32_BIT_CONVERSION = YES;
				GCC_WARN_ABOUT_RETURN_TYPE = YES_ERROR;
				GCC_WARN_UNDECLARED_SELECTOR = YES;
				GCC_WARN_UNINITIALIZED_AUTOS = YES_AGGRESSIVE;
				GCC_WARN_UNUSED_FUNCTION = YES;
				GCC_WARN_UNUSED_VARIABLE = YES;
				IPHONEOS_DEPLOYMENT_TARGET = 15.4;
				MTL_ENABLE_DEBUG_INFO = NO;
				MTL_FAST_MATH = YES;
				SDKROOT = iphoneos;
				SWIFT_COMPILATION_MODE = wholemodule;
				SWIFT_OPTIMIZATION_LEVEL = "-O";
				VALIDATE_PRODUCT = YES;
			};
			name = Release;
		};
		4676C2DC2830F008005D84C5 /* Debug */ = {
			isa = XCBuildConfiguration;
			baseConfigurationReference = CA7F32A182BFF522BFBA5EE4 /* Pods-ios-dca-calculator.debug.xcconfig */;
			buildSettings = {
				ASSETCATALOG_COMPILER_APPICON_NAME = AppIcon;
				ASSETCATALOG_COMPILER_GLOBAL_ACCENT_COLOR_NAME = AccentColor;
				CODE_SIGN_STYLE = Automatic;
				CURRENT_PROJECT_VERSION = 1;
				DEVELOPMENT_TEAM = 828M4QDWN7;
				GENERATE_INFOPLIST_FILE = YES;
				INFOPLIST_FILE = "ios-dca-calculator/Info.plist";
				INFOPLIST_KEY_UIApplicationSupportsIndirectInputEvents = YES;
				INFOPLIST_KEY_UILaunchStoryboardName = LaunchScreen;
				INFOPLIST_KEY_UIMainStoryboardFile = Main;
				INFOPLIST_KEY_UISupportedInterfaceOrientations_iPad = "UIInterfaceOrientationPortrait UIInterfaceOrientationPortraitUpsideDown UIInterfaceOrientationLandscapeLeft UIInterfaceOrientationLandscapeRight";
				INFOPLIST_KEY_UISupportedInterfaceOrientations_iPhone = "UIInterfaceOrientationPortrait UIInterfaceOrientationLandscapeLeft UIInterfaceOrientationLandscapeRight";
				LD_RUNPATH_SEARCH_PATHS = (
					"$(inherited)",
					"@executable_path/Frameworks",
				);
				MARKETING_VERSION = 1.0;
				PRODUCT_BUNDLE_IDENTIFIER = "com.apptest.ios-dca-calculator";
				PRODUCT_NAME = "$(TARGET_NAME)";
				SWIFT_EMIT_LOC_STRINGS = YES;
				SWIFT_VERSION = 5.0;
				TARGETED_DEVICE_FAMILY = "1,2";
			};
			name = Debug;
		};
		4676C2DD2830F008005D84C5 /* Release */ = {
			isa = XCBuildConfiguration;
			baseConfigurationReference = 1C58A536B562E43A5CD6CFF1 /* Pods-ios-dca-calculator.release.xcconfig */;
			buildSettings = {
				ASSETCATALOG_COMPILER_APPICON_NAME = AppIcon;
				ASSETCATALOG_COMPILER_GLOBAL_ACCENT_COLOR_NAME = AccentColor;
				CODE_SIGN_STYLE = Automatic;
				CURRENT_PROJECT_VERSION = 1;
				DEVELOPMENT_TEAM = 828M4QDWN7;
				GENERATE_INFOPLIST_FILE = YES;
				INFOPLIST_FILE = "ios-dca-calculator/Info.plist";
				INFOPLIST_KEY_UIApplicationSupportsIndirectInputEvents = YES;
				INFOPLIST_KEY_UILaunchStoryboardName = LaunchScreen;
				INFOPLIST_KEY_UIMainStoryboardFile = Main;
				INFOPLIST_KEY_UISupportedInterfaceOrientations_iPad = "UIInterfaceOrientationPortrait UIInterfaceOrientationPortraitUpsideDown UIInterfaceOrientationLandscapeLeft UIInterfaceOrientationLandscapeRight";
				INFOPLIST_KEY_UISupportedInterfaceOrientations_iPhone = "UIInterfaceOrientationPortrait UIInterfaceOrientationLandscapeLeft UIInterfaceOrientationLandscapeRight";
				LD_RUNPATH_SEARCH_PATHS = (
					"$(inherited)",
					"@executable_path/Frameworks",
				);
				MARKETING_VERSION = 1.0;
				PRODUCT_BUNDLE_IDENTIFIER = "com.apptest.ios-dca-calculator";
				PRODUCT_NAME = "$(TARGET_NAME)";
				SWIFT_EMIT_LOC_STRINGS = YES;
				SWIFT_VERSION = 5.0;
				TARGETED_DEVICE_FAMILY = "1,2";
			};
			name = Release;
		};
/* End XCBuildConfiguration section */

/* Begin XCConfigurationList section */
		4676C2C22830F007005D84C5 /* Build configuration list for PBXProject "ios-dca-calculator" */ = {
			isa = XCConfigurationList;
			buildConfigurations = (
				4676C2D92830F008005D84C5 /* Debug */,
				4676C2DA2830F008005D84C5 /* Release */,
			);
			defaultConfigurationIsVisible = 0;
			defaultConfigurationName = Release;
		};
		4676C2DB2830F008005D84C5 /* Build configuration list for PBXNativeTarget "ios-dca-calculator" */ = {
			isa = XCConfigurationList;
			buildConfigurations = (
				4676C2DC2830F008005D84C5 /* Debug */,
				4676C2DD2830F008005D84C5 /* Release */,
			);
			defaultConfigurationIsVisible = 0;
			defaultConfigurationName = Release;
		};
/* End XCConfigurationList section */
	};
	rootObject = 4676C2BF2830F007005D84C5 /* Project object */;
}
